{
  "originHash" : "0a4bc50595ed2b8ec3000fe51035f2bfc21f945a32f157d540f235275a430dc2",
  "pins" : [
    {
      "identity" : "lottie-ios",
      "kind" : "remoteSourceControl",
      "location" : "https://github.com/airbnb/lottie-ios",
      "state" : {
        "revision" : "047aa81b77adcbf583a966dfef620d17650cc656",
        "version" : "4.5.1"
      }
    },
    {
      "identity" : "realm-cocoa",
      "kind" : "remoteSourceControl",
      "location" : "https://github.com/realm/realm-cocoa",
      "state" : {
        "branch" : "master",
        "revision" : "1f09fb14dd9d275b5686016fe8508d491b87cb0b"
      }
    },
    {
      "identity" : "realm-core",
      "kind" : "remoteSourceControl",
      "location" : "https://github.com/realm/realm-core.git",
      "state" : {
        "revision" : "85eeca41654cc9070ad81a21a4b1d153ad467c33",
        "version" : "14.13.1"
      }
    },
    {
      "identity" : "youtubekit",
      "kind" : "remoteSourceControl",
      "location" : "https://github.com/alexeichhorn/YouTubeKit",
      "state" : {
        "revision" : "e7dbaa332ff190e85241bb90e9a26f3ce4993458",
        "version" : "0.2.6"
      }
    }
  ],
  "version" : 3
}
